
Microsoft Visual Studio Solution File, Format Version 12.00
# Visual Studio Version 17
VisualStudioVersion = 17.14.36301.6
MinimumVisualStudioVersion = 10.0.40219.1
Project("{2150E333-8FDC-42A3-9474-1A3956D46DE8}") = "ApiGateways", "ApiGateways", "{02EA681E-C7D8-13C7-8484-4AC65E1B71E8}"
EndProject
Project("{2150E333-8FDC-42A3-9474-1A3956D46DE8}") = "Services", "Services", "{2F6AB31D-A9B5-4E1E-A9A5-6A03F0BEFF2A}"
EndProject
Project("{2150E333-8FDC-42A3-9474-1A3956D46DE8}") = "Common", "Common", "{8211D36B-79BB-4E67-8717-458D1E8815EE}"
EndProject
Project("{2150E333-8FDC-42A3-9474-1A3956D46DE8}") = "Devices", "Devices", "{58311104-0188-42C0-B83A-7224676AD568}"
	ProjectSection(SolutionItems) = preProject
		Services\Devices\Devices.API\README.md = Services\Devices\Devices.API\README.md
	EndProjectSection
EndProject
Project("{FAE04EC0-301F-11D3-BF4B-00C04F79EFBC}") = "Devices.API", "Services\Devices\Devices.API\Devices.API.csproj", "{A6005BEB-DA33-40D0-82B4-AA673A3E0EDD}"
EndProject
Project("{FAE04EC0-301F-11D3-BF4B-00C04F79EFBC}") = "Devices.Domain", "Services\Devices\Devices.Domain\Devices.Domain.csproj", "{247DB646-0768-476A-84BD-93115CAC4DDA}"
EndProject
Project("{FAE04EC0-301F-11D3-BF4B-00C04F79EFBC}") = "Devices.Infrastructure", "Services\Devices\Devices.Infrastructure\Devices.Infrastructure.csproj", "{38859B9B-524C-426B-850A-ABEFAD6F6C45}"
EndProject
Project("{E53339B2-1760-4266-BCC7-CA923CBCF16C}") = "docker-compose", "docker-compose.dcproj", "{81DDED9D-158B-E303-5F62-77A2896D2A5A}"
EndProject
Project("{FAE04EC0-301F-11D3-BF4B-00C04F79EFBC}") = "CommonServiceLibrary", "Common\CommonServiceLibrary\CommonServiceLibrary.csproj", "{88CEDF71-31B7-463A-BE5A-DAEB1331AB1B}"
EndProject
Project("{00D1A9C2-B5F0-4AF3-8072-F6C62B433612}") = "Devices.DataAccess", "Services\Devices\Devices.DataAccess\Devices.DataAccess.sqlproj", "{3968E895-0403-4641-84C2-ACF37DDD8ACD}"
EndProject
Project("{FAE04EC0-301F-11D3-BF4B-00C04F79EFBC}") = "Devices.Application", "Services\Devices\Devices.Application\Devices.Application.csproj", "{389D8A29-9180-4D82-8B5C-B3EECFF373D0}"
EndProject
Project("{2150E333-8FDC-42A3-9474-1A3956D46DE8}") = "Measurements", "Measurements", "{0613DBDD-B0CF-4D63-8B2C-043A33AFA19B}"
EndProject
Project("{FAE04EC0-301F-11D3-BF4B-00C04F79EFBC}") = "Measurements.API", "Services\Measurements\Measurements.API\Measurements.API.csproj", "{84CB25A3-FD62-406F-A2B0-4148FCDEC3F2}"
EndProject
Project("{FAE04EC0-301F-11D3-BF4B-00C04F79EFBC}") = "Measurements.Domain", "Services\Measurements\Measurements.Domain\Measurements.Domain.csproj", "{D8BA27DE-4DC2-4EBB-B1B3-FD5EA04E49F9}"
EndProject
Project("{FAE04EC0-301F-11D3-BF4B-00C04F79EFBC}") = "Measurements.Infrastructure", "Services\Measurements\Measurements.Infrastructure\Measurements.Infrastructure.csproj", "{24F87E4F-5B3D-4AEA-B76F-718DBC681C64}"
EndProject
Project("{FAE04EC0-301F-11D3-BF4B-00C04F79EFBC}") = "Measurements.Application", "Services\Measurements\Measurements.Application\Measurements.Application.csproj", "{EE58487A-B31C-4DD6-910F-4ACF4F09D6B9}"
EndProject
Project("{FAE04EC0-301F-11D3-BF4B-00C04F79EFBC}") = "Measurements.GRPC", "Services\Measurements\Measurements.GRPC\Measurements.GRPC.csproj", "{D4720A0E-8BC6-4219-BA26-B23C8273D0E6}"
EndProject
Project("{FAE04EC0-301F-11D3-BF4B-00C04F79EFBC}") = "Devices.GRPC", "Services\Devices\Devices.GRPC\Devices.GRPC.csproj", "{568631DE-59A2-4460-9C81-435E3E83F961}"
EndProject
Project("{FAE04EC0-301F-11D3-BF4B-00C04F79EFBC}") = "CommonServiceLibrary.GRPC", "Common\CommonServiceLibrary.GRPC\CommonServiceLibrary.GRPC.csproj", "{7F80ED63-85C6-43E5-847D-DC026EAE0A61}"
EndProject
Project("{FAE04EC0-301F-11D3-BF4B-00C04F79EFBC}") = "CommonServiceLibrary.GRPC.Tests", "Common\CommonServiceLibrary.GRPC.Tests\CommonServiceLibrary.GRPC.Tests.csproj", "{28EEDDE0-A2AF-4A65-AA7D-F7C8D7BDC641}"
EndProject
Project("{2150E333-8FDC-42A3-9474-1A3956D46DE8}") = "Raports", "Raports", "{7283A0DE-206C-41B0-99CA-AADA99063374}"
EndProject
Project("{FAE04EC0-301F-11D3-BF4B-00C04F79EFBC}") = "Raports.Domain", "Services\Raports\Raports.Domain\Raports.Domain.csproj", "{ACDCA4F1-5F1C-41E2-B96E-571B7B84C6FE}"
EndProject
Project("{FAE04EC0-301F-11D3-BF4B-00C04F79EFBC}") = "Raports.Infrastructure", "Services\Raports\Raports.Infrastructure\Raports.Infrastructure.csproj", "{81D82295-0F9A-496B-B626-4B28BC622ADB}"
EndProject
Project("{FAE04EC0-301F-11D3-BF4B-00C04F79EFBC}") = "Raports.Infrastructure.Tests", "Services\Raports\Raports.Infrastructure.Tests\Raports.Infrastructure.Tests.csproj", "{AC38FEB7-7CF2-4B2D-8F9A-D35FAE879F0E}"
EndProject
Project("{FAE04EC0-301F-11D3-BF4B-00C04F79EFBC}") = "CommonServiceLibrary.BlobStorage", "Common\CommonServiceLibrary.BlobStorage\CommonServiceLibrary.BlobStorage.csproj", "{EB4C49CC-4CA2-42CE-9F36-75D624DAD6E4}"
EndProject
Project("{FAE04EC0-301F-11D3-BF4B-00C04F79EFBC}") = "CommonServiceLibrary.BlobStorage.Tests", "Common\CommonServiceLibrary.BlobStorage.Tests\CommonServiceLibrary.BlobStorage.Tests.csproj", "{89B1C3A9-278B-47B1-AC9F-3B010B6DD338}"
EndProject
Project("{2150E333-8FDC-42A3-9474-1A3956D46DE8}") = "AIAssistant", "AIAssistant", "{57BAD4C6-C7B7-4300-986F-8A1301AE0AF3}"
EndProject
Project("{FAE04EC0-301F-11D3-BF4B-00C04F79EFBC}") = "AIAssistant.GRPC", "Services\AIAssistant\AIAssistant.GRPC\AIAssistant.GRPC.csproj", "{D27EA765-0138-4AAF-AFDE-A13B804794EF}"
EndProject
Project("{FAE04EC0-301F-11D3-BF4B-00C04F79EFBC}") = "AIAssistant.Implementation", "Services\AIAssistant\AIAssistant.Implementation\AIAssistant.Implementation.csproj", "{BF3CF0A1-5E99-4560-A10A-812A158B9F84}"
EndProject
Project("{FAE04EC0-301F-11D3-BF4B-00C04F79EFBC}") = "AIAssistant.Implementation.Tests", "Services\AIAssistant\AIAssistant.Implementation.Tests\AIAssistant.Implementation.Tests.csproj", "{BC2E05E1-D06E-465C-992E-658F96DABE69}"
EndProject
Project("{FAE04EC0-301F-11D3-BF4B-00C04F79EFBC}") = "CommonServiceLibrary.Messaging", "Common\CommonServiceLibrary.Messaging\CommonServiceLibrary.Messaging.csproj", "{D85F7E2F-9458-459C-908E-D331279E4A7B}"
EndProject
Project("{FAE04EC0-301F-11D3-BF4B-00C04F79EFBC}") = "Raports.API", "Services\Raports\Raports.API\Raports.API.csproj", "{7ACCF4E0-4239-4AD7-A93B-41510ACCA016}"
EndProject
Project("{FAE04EC0-301F-11D3-BF4B-00C04F79EFBC}") = "Raports.Application", "Services\Raports\Raports.Application\Raports.Application.csproj", "{B682858B-1FBB-4089-8D21-0A59AE99533D}"
EndProject
Project("{FAE04EC0-301F-11D3-BF4B-00C04F79EFBC}") = "ApiGateway.Main", "ApiGateways\ApiGateway.Main\ApiGateway.Main.csproj", "{5955403E-C080-487C-A790-247DF75FDCC8}"
EndProject
Global
	GlobalSection(SolutionConfigurationPlatforms) = preSolution
		Debug|Any CPU = Debug|Any CPU
		Release|Any CPU = Release|Any CPU
	EndGlobalSection
	GlobalSection(ProjectConfigurationPlatforms) = postSolution
		{A6005BEB-DA33-40D0-82B4-AA673A3E0EDD}.Debug|Any CPU.ActiveCfg = Debug|Any CPU
		{A6005BEB-DA33-40D0-82B4-AA673A3E0EDD}.Debug|Any CPU.Build.0 = Debug|Any CPU
		{A6005BEB-DA33-40D0-82B4-AA673A3E0EDD}.Release|Any CPU.ActiveCfg = Release|Any CPU
		{A6005BEB-DA33-40D0-82B4-AA673A3E0EDD}.Release|Any CPU.Build.0 = Release|Any CPU
		{247DB646-0768-476A-84BD-93115CAC4DDA}.Debug|Any CPU.ActiveCfg = Debug|Any CPU
		{247DB646-0768-476A-84BD-93115CAC4DDA}.Debug|Any CPU.Build.0 = Debug|Any CPU
		{247DB646-0768-476A-84BD-93115CAC4DDA}.Release|Any CPU.ActiveCfg = Release|Any CPU
		{247DB646-0768-476A-84BD-93115CAC4DDA}.Release|Any CPU.Build.0 = Release|Any CPU
		{38859B9B-524C-426B-850A-ABEFAD6F6C45}.Debug|Any CPU.ActiveCfg = Debug|Any CPU
		{38859B9B-524C-426B-850A-ABEFAD6F6C45}.Debug|Any CPU.Build.0 = Debug|Any CPU
		{38859B9B-524C-426B-850A-ABEFAD6F6C45}.Release|Any CPU.ActiveCfg = Release|Any CPU
		{38859B9B-524C-426B-850A-ABEFAD6F6C45}.Release|Any CPU.Build.0 = Release|Any CPU
		{81DDED9D-158B-E303-5F62-77A2896D2A5A}.Debug|Any CPU.ActiveCfg = Debug|Any CPU
		{81DDED9D-158B-E303-5F62-77A2896D2A5A}.Debug|Any CPU.Build.0 = Debug|Any CPU
		{81DDED9D-158B-E303-5F62-77A2896D2A5A}.Release|Any CPU.ActiveCfg = Release|Any CPU
		{81DDED9D-158B-E303-5F62-77A2896D2A5A}.Release|Any CPU.Build.0 = Release|Any CPU
		{88CEDF71-31B7-463A-BE5A-DAEB1331AB1B}.Debug|Any CPU.ActiveCfg = Debug|Any CPU
		{88CEDF71-31B7-463A-BE5A-DAEB1331AB1B}.Debug|Any CPU.Build.0 = Debug|Any CPU
		{88CEDF71-31B7-463A-BE5A-DAEB1331AB1B}.Release|Any CPU.ActiveCfg = Release|Any CPU
		{88CEDF71-31B7-463A-BE5A-DAEB1331AB1B}.Release|Any CPU.Build.0 = Release|Any CPU
		{3968E895-0403-4641-84C2-ACF37DDD8ACD}.Debug|Any CPU.ActiveCfg = Debug|Any CPU
		{3968E895-0403-4641-84C2-ACF37DDD8ACD}.Debug|Any CPU.Build.0 = Debug|Any CPU
		{3968E895-0403-4641-84C2-ACF37DDD8ACD}.Debug|Any CPU.Deploy.0 = Debug|Any CPU
		{3968E895-0403-4641-84C2-ACF37DDD8ACD}.Release|Any CPU.ActiveCfg = Release|Any CPU
		{3968E895-0403-4641-84C2-ACF37DDD8ACD}.Release|Any CPU.Build.0 = Release|Any CPU
		{3968E895-0403-4641-84C2-ACF37DDD8ACD}.Release|Any CPU.Deploy.0 = Release|Any CPU
		{389D8A29-9180-4D82-8B5C-B3EECFF373D0}.Debug|Any CPU.ActiveCfg = Debug|Any CPU
		{389D8A29-9180-4D82-8B5C-B3EECFF373D0}.Debug|Any CPU.Build.0 = Debug|Any CPU
		{389D8A29-9180-4D82-8B5C-B3EECFF373D0}.Release|Any CPU.ActiveCfg = Release|Any CPU
		{389D8A29-9180-4D82-8B5C-B3EECFF373D0}.Release|Any CPU.Build.0 = Release|Any CPU
		{84CB25A3-FD62-406F-A2B0-4148FCDEC3F2}.Debug|Any CPU.ActiveCfg = Debug|Any CPU
		{84CB25A3-FD62-406F-A2B0-4148FCDEC3F2}.Debug|Any CPU.Build.0 = Debug|Any CPU
		{84CB25A3-FD62-406F-A2B0-4148FCDEC3F2}.Release|Any CPU.ActiveCfg = Release|Any CPU
		{84CB25A3-FD62-406F-A2B0-4148FCDEC3F2}.Release|Any CPU.Build.0 = Release|Any CPU
		{D8BA27DE-4DC2-4EBB-B1B3-FD5EA04E49F9}.Debug|Any CPU.ActiveCfg = Debug|Any CPU
		{D8BA27DE-4DC2-4EBB-B1B3-FD5EA04E49F9}.Debug|Any CPU.Build.0 = Debug|Any CPU
		{D8BA27DE-4DC2-4EBB-B1B3-FD5EA04E49F9}.Release|Any CPU.ActiveCfg = Release|Any CPU
		{D8BA27DE-4DC2-4EBB-B1B3-FD5EA04E49F9}.Release|Any CPU.Build.0 = Release|Any CPU
		{24F87E4F-5B3D-4AEA-B76F-718DBC681C64}.Debug|Any CPU.ActiveCfg = Debug|Any CPU
		{24F87E4F-5B3D-4AEA-B76F-718DBC681C64}.Debug|Any CPU.Build.0 = Debug|Any CPU
		{24F87E4F-5B3D-4AEA-B76F-718DBC681C64}.Release|Any CPU.ActiveCfg = Release|Any CPU
		{24F87E4F-5B3D-4AEA-B76F-718DBC681C64}.Release|Any CPU.Build.0 = Release|Any CPU
		{EE58487A-B31C-4DD6-910F-4ACF4F09D6B9}.Debug|Any CPU.ActiveCfg = Debug|Any CPU
		{EE58487A-B31C-4DD6-910F-4ACF4F09D6B9}.Debug|Any CPU.Build.0 = Debug|Any CPU
		{EE58487A-B31C-4DD6-910F-4ACF4F09D6B9}.Release|Any CPU.ActiveCfg = Release|Any CPU
		{EE58487A-B31C-4DD6-910F-4ACF4F09D6B9}.Release|Any CPU.Build.0 = Release|Any CPU
		{D4720A0E-8BC6-4219-BA26-B23C8273D0E6}.Debug|Any CPU.ActiveCfg = Debug|Any CPU
		{D4720A0E-8BC6-4219-BA26-B23C8273D0E6}.Debug|Any CPU.Build.0 = Debug|Any CPU
		{D4720A0E-8BC6-4219-BA26-B23C8273D0E6}.Release|Any CPU.ActiveCfg = Release|Any CPU
		{D4720A0E-8BC6-4219-BA26-B23C8273D0E6}.Release|Any CPU.Build.0 = Release|Any CPU
		{568631DE-59A2-4460-9C81-435E3E83F961}.Debug|Any CPU.ActiveCfg = Debug|Any CPU
		{568631DE-59A2-4460-9C81-435E3E83F961}.Debug|Any CPU.Build.0 = Debug|Any CPU
		{568631DE-59A2-4460-9C81-435E3E83F961}.Release|Any CPU.ActiveCfg = Release|Any CPU
		{568631DE-59A2-4460-9C81-435E3E83F961}.Release|Any CPU.Build.0 = Release|Any CPU
		{7F80ED63-85C6-43E5-847D-DC026EAE0A61}.Debug|Any CPU.ActiveCfg = Debug|Any CPU
		{7F80ED63-85C6-43E5-847D-DC026EAE0A61}.Debug|Any CPU.Build.0 = Debug|Any CPU
		{7F80ED63-85C6-43E5-847D-DC026EAE0A61}.Release|Any CPU.ActiveCfg = Release|Any CPU
		{7F80ED63-85C6-43E5-847D-DC026EAE0A61}.Release|Any CPU.Build.0 = Release|Any CPU
		{28EEDDE0-A2AF-4A65-AA7D-F7C8D7BDC641}.Debug|Any CPU.ActiveCfg = Debug|Any CPU
		{28EEDDE0-A2AF-4A65-AA7D-F7C8D7BDC641}.Debug|Any CPU.Build.0 = Debug|Any CPU
		{28EEDDE0-A2AF-4A65-AA7D-F7C8D7BDC641}.Release|Any CPU.ActiveCfg = Release|Any CPU
		{28EEDDE0-A2AF-4A65-AA7D-F7C8D7BDC641}.Release|Any CPU.Build.0 = Release|Any CPU
		{ACDCA4F1-5F1C-41E2-B96E-571B7B84C6FE}.Debug|Any CPU.ActiveCfg = Debug|Any CPU
		{ACDCA4F1-5F1C-41E2-B96E-571B7B84C6FE}.Debug|Any CPU.Build.0 = Debug|Any CPU
		{ACDCA4F1-5F1C-41E2-B96E-571B7B84C6FE}.Release|Any CPU.ActiveCfg = Release|Any CPU
		{ACDCA4F1-5F1C-41E2-B96E-571B7B84C6FE}.Release|Any CPU.Build.0 = Release|Any CPU
		{81D82295-0F9A-496B-B626-4B28BC622ADB}.Debug|Any CPU.ActiveCfg = Debug|Any CPU
		{81D82295-0F9A-496B-B626-4B28BC622ADB}.Debug|Any CPU.Build.0 = Debug|Any CPU
		{81D82295-0F9A-496B-B626-4B28BC622ADB}.Release|Any CPU.ActiveCfg = Release|Any CPU
		{81D82295-0F9A-496B-B626-4B28BC622ADB}.Release|Any CPU.Build.0 = Release|Any CPU
		{AC38FEB7-7CF2-4B2D-8F9A-D35FAE879F0E}.Debug|Any CPU.ActiveCfg = Debug|Any CPU
		{AC38FEB7-7CF2-4B2D-8F9A-D35FAE879F0E}.Debug|Any CPU.Build.0 = Debug|Any CPU
		{AC38FEB7-7CF2-4B2D-8F9A-D35FAE879F0E}.Release|Any CPU.ActiveCfg = Release|Any CPU
		{AC38FEB7-7CF2-4B2D-8F9A-D35FAE879F0E}.Release|Any CPU.Build.0 = Release|Any CPU
		{EB4C49CC-4CA2-42CE-9F36-75D624DAD6E4}.Debug|Any CPU.ActiveCfg = Debug|Any CPU
		{EB4C49CC-4CA2-42CE-9F36-75D624DAD6E4}.Debug|Any CPU.Build.0 = Debug|Any CPU
		{EB4C49CC-4CA2-42CE-9F36-75D624DAD6E4}.Release|Any CPU.ActiveCfg = Release|Any CPU
		{EB4C49CC-4CA2-42CE-9F36-75D624DAD6E4}.Release|Any CPU.Build.0 = Release|Any CPU
		{89B1C3A9-278B-47B1-AC9F-3B010B6DD338}.Debug|Any CPU.ActiveCfg = Debug|Any CPU
		{89B1C3A9-278B-47B1-AC9F-3B010B6DD338}.Debug|Any CPU.Build.0 = Debug|Any CPU
		{89B1C3A9-278B-47B1-AC9F-3B010B6DD338}.Release|Any CPU.ActiveCfg = Release|Any CPU
		{89B1C3A9-278B-47B1-AC9F-3B010B6DD338}.Release|Any CPU.Build.0 = Release|Any CPU
		{D27EA765-0138-4AAF-AFDE-A13B804794EF}.Debug|Any CPU.ActiveCfg = Debug|Any CPU
		{D27EA765-0138-4AAF-AFDE-A13B804794EF}.Debug|Any CPU.Build.0 = Debug|Any CPU
		{D27EA765-0138-4AAF-AFDE-A13B804794EF}.Release|Any CPU.ActiveCfg = Release|Any CPU
		{D27EA765-0138-4AAF-AFDE-A13B804794EF}.Release|Any CPU.Build.0 = Release|Any CPU
		{BF3CF0A1-5E99-4560-A10A-812A158B9F84}.Debug|Any CPU.ActiveCfg = Debug|Any CPU
		{BF3CF0A1-5E99-4560-A10A-812A158B9F84}.Debug|Any CPU.Build.0 = Debug|Any CPU
		{BF3CF0A1-5E99-4560-A10A-812A158B9F84}.Release|Any CPU.ActiveCfg = Release|Any CPU
		{BF3CF0A1-5E99-4560-A10A-812A158B9F84}.Release|Any CPU.Build.0 = Release|Any CPU
		{BC2E05E1-D06E-465C-992E-658F96DABE69}.Debug|Any CPU.ActiveCfg = Debug|Any CPU
		{BC2E05E1-D06E-465C-992E-658F96DABE69}.Debug|Any CPU.Build.0 = Debug|Any CPU
		{BC2E05E1-D06E-465C-992E-658F96DABE69}.Release|Any CPU.ActiveCfg = Release|Any CPU
		{BC2E05E1-D06E-465C-992E-658F96DABE69}.Release|Any CPU.Build.0 = Release|Any CPU
		{D85F7E2F-9458-459C-908E-D331279E4A7B}.Debug|Any CPU.ActiveCfg = Debug|Any CPU
		{D85F7E2F-9458-459C-908E-D331279E4A7B}.Debug|Any CPU.Build.0 = Debug|Any CPU
		{D85F7E2F-9458-459C-908E-D331279E4A7B}.Release|Any CPU.ActiveCfg = Release|Any CPU
		{D85F7E2F-9458-459C-908E-D331279E4A7B}.Release|Any CPU.Build.0 = Release|Any CPU
		{7ACCF4E0-4239-4AD7-A93B-41510ACCA016}.Debug|Any CPU.ActiveCfg = Debug|Any CPU
		{7ACCF4E0-4239-4AD7-A93B-41510ACCA016}.Debug|Any CPU.Build.0 = Debug|Any CPU
		{7ACCF4E0-4239-4AD7-A93B-41510ACCA016}.Release|Any CPU.ActiveCfg = Release|Any CPU
		{7ACCF4E0-4239-4AD7-A93B-41510ACCA016}.Release|Any CPU.Build.0 = Release|Any CPU
		{B682858B-1FBB-4089-8D21-0A59AE99533D}.Debug|Any CPU.ActiveCfg = Debug|Any CPU
		{B682858B-1FBB-4089-8D21-0A59AE99533D}.Debug|Any CPU.Build.0 = Debug|Any CPU
		{B682858B-1FBB-4089-8D21-0A59AE99533D}.Release|Any CPU.ActiveCfg = Release|Any CPU
		{B682858B-1FBB-4089-8D21-0A59AE99533D}.Release|Any CPU.Build.0 = Release|Any CPU
		{5955403E-C080-487C-A790-247DF75FDCC8}.Debug|Any CPU.ActiveCfg = Debug|Any CPU
		{5955403E-C080-487C-A790-247DF75FDCC8}.Debug|Any CPU.Build.0 = Debug|Any CPU
		{5955403E-C080-487C-A790-247DF75FDCC8}.Release|Any CPU.ActiveCfg = Release|Any CPU
		{5955403E-C080-487C-A790-247DF75FDCC8}.Release|Any CPU.Build.0 = Release|Any CPU
	EndGlobalSection
	GlobalSection(SolutionProperties) = preSolution
		HideSolutionNode = FALSE
	EndGlobalSection
	GlobalSection(NestedProjects) = preSolution
		{58311104-0188-42C0-B83A-7224676AD568} = {2F6AB31D-A9B5-4E1E-A9A5-6A03F0BEFF2A}
		{A6005BEB-DA33-40D0-82B4-AA673A3E0EDD} = {58311104-0188-42C0-B83A-7224676AD568}
		{247DB646-0768-476A-84BD-93115CAC4DDA} = {58311104-0188-42C0-B83A-7224676AD568}
		{38859B9B-524C-426B-850A-ABEFAD6F6C45} = {58311104-0188-42C0-B83A-7224676AD568}
		{88CEDF71-31B7-463A-BE5A-DAEB1331AB1B} = {8211D36B-79BB-4E67-8717-458D1E8815EE}
		{3968E895-0403-4641-84C2-ACF37DDD8ACD} = {58311104-0188-42C0-B83A-7224676AD568}
		{389D8A29-9180-4D82-8B5C-B3EECFF373D0} = {58311104-0188-42C0-B83A-7224676AD568}
		{0613DBDD-B0CF-4D63-8B2C-043A33AFA19B} = {2F6AB31D-A9B5-4E1E-A9A5-6A03F0BEFF2A}
		{84CB25A3-FD62-406F-A2B0-4148FCDEC3F2} = {0613DBDD-B0CF-4D63-8B2C-043A33AFA19B}
		{D8BA27DE-4DC2-4EBB-B1B3-FD5EA04E49F9} = {0613DBDD-B0CF-4D63-8B2C-043A33AFA19B}
		{24F87E4F-5B3D-4AEA-B76F-718DBC681C64} = {0613DBDD-B0CF-4D63-8B2C-043A33AFA19B}
		{EE58487A-B31C-4DD6-910F-4ACF4F09D6B9} = {0613DBDD-B0CF-4D63-8B2C-043A33AFA19B}
		{D4720A0E-8BC6-4219-BA26-B23C8273D0E6} = {0613DBDD-B0CF-4D63-8B2C-043A33AFA19B}
		{568631DE-59A2-4460-9C81-435E3E83F961} = {58311104-0188-42C0-B83A-7224676AD568}
		{7F80ED63-85C6-43E5-847D-DC026EAE0A61} = {8211D36B-79BB-4E67-8717-458D1E8815EE}
		{28EEDDE0-A2AF-4A65-AA7D-F7C8D7BDC641} = {8211D36B-79BB-4E67-8717-458D1E8815EE}
		{7283A0DE-206C-41B0-99CA-AADA99063374} = {2F6AB31D-A9B5-4E1E-A9A5-6A03F0BEFF2A}
		{ACDCA4F1-5F1C-41E2-B96E-571B7B84C6FE} = {7283A0DE-206C-41B0-99CA-AADA99063374}
		{81D82295-0F9A-496B-B626-4B28BC622ADB} = {7283A0DE-206C-41B0-99CA-AADA99063374}
		{AC38FEB7-7CF2-4B2D-8F9A-D35FAE879F0E} = {7283A0DE-206C-41B0-99CA-AADA99063374}
		{EB4C49CC-4CA2-42CE-9F36-75D624DAD6E4} = {8211D36B-79BB-4E67-8717-458D1E8815EE}
		{89B1C3A9-278B-47B1-AC9F-3B010B6DD338} = {8211D36B-79BB-4E67-8717-458D1E8815EE}
		{57BAD4C6-C7B7-4300-986F-8A1301AE0AF3} = {2F6AB31D-A9B5-4E1E-A9A5-6A03F0BEFF2A}
		{D27EA765-0138-4AAF-AFDE-A13B804794EF} = {57BAD4C6-C7B7-4300-986F-8A1301AE0AF3}
		{BF3CF0A1-5E99-4560-A10A-812A158B9F84} = {57BAD4C6-C7B7-4300-986F-8A1301AE0AF3}
		{BC2E05E1-D06E-465C-992E-658F96DABE69} = {57BAD4C6-C7B7-4300-986F-8A1301AE0AF3}
		{D85F7E2F-9458-459C-908E-D331279E4A7B} = {8211D36B-79BB-4E67-8717-458D1E8815EE}
		{7ACCF4E0-4239-4AD7-A93B-41510ACCA016} = {7283A0DE-206C-41B0-99CA-AADA99063374}
		{B682858B-1FBB-4089-8D21-0A59AE99533D} = {7283A0DE-206C-41B0-99CA-AADA99063374}
		{5955403E-C080-487C-A790-247DF75FDCC8} = {02EA681E-C7D8-13C7-8484-4AC65E1B71E8}
	EndGlobalSection
	GlobalSection(ExtensibilityGlobals) = postSolution
		SolutionGuid = {D80B40EA-C53C-41CC-B47C-D68F9C8F71A4}
	EndGlobalSection
EndGlobal
